// !$*UTF8*$!
{
	archiveVersion = 1;
	classes = {
	};
	objectVersion = 46;
	objects = {

/* Begin PBXBuildFile section */
		27634A531D85EE0700F60C47 /* AppDelegate.swift in Sources */ = {isa = PBXBuildFile; fileRef = 27634A521D85EE0700F60C47 /* AppDelegate.swift */; };
		27634A551D85EE0700F60C47 /* ViewController.swift in Sources */ = {isa = PBXBuildFile; fileRef = 27634A541D85EE0700F60C47 /* ViewController.swift */; };
		27634A581D85EE0700F60C47 /* Main.storyboard in Resources */ = {isa = PBXBuildFile; fileRef = 27634A561D85EE0700F60C47 /* Main.storyboard */; };
		27634A5A1D85EE0700F60C47 /* Assets.xcassets in Resources */ = {isa = PBXBuildFile; fileRef = 27634A591D85EE0700F60C47 /* Assets.xcassets */; };
		27634A5D1D85EE0700F60C47 /* LaunchScreen.storyboard in Resources */ = {isa = PBXBuildFile; fileRef = 27634A5B1D85EE0700F60C47 /* LaunchScreen.storyboard */; };
		27634A651D85FD5800F60C47 /* RegisterPageViewController.swift in Sources */ = {isa = PBXBuildFile; fileRef = 27634A641D85FD5800F60C47 /* RegisterPageViewController.swift */; };
		27634A671D8614F700F60C47 /* LoginViewController.swift in Sources */ = {isa = PBXBuildFile; fileRef = 27634A661D8614F700F60C47 /* LoginViewController.swift */; };
		27634A691D86213A00F60C47 /* reindeer1.png in Resources */ = {isa = PBXBuildFile; fileRef = 27634A681D86213A00F60C47 /* reindeer1.png */; };
/* End PBXBuildFile section */

/* Begin PBXFileReference section */
		27634A4F1D85EE0600F60C47 /* ColleenLogin.app */ = {isa = PBXFileReference; explicitFileType = wrapper.application; includeInIndex = 0; path = ColleenLogin.app; sourceTree = BUILT_PRODUCTS_DIR; };
		27634A521D85EE0700F60C47 /* AppDelegate.swift */ = {isa = PBXFileReference; lastKnownFileType = sourcecode.swift; path = AppDelegate.swift; sourceTree = "<group>"; };
		27634A541D85EE0700F60C47 /* ViewController.swift */ = {isa = PBXFileReference; lastKnownFileType = sourcecode.swift; path = ViewController.swift; sourceTree = "<group>"; };
		27634A571D85EE0700F60C47 /* Base */ = {isa = PBXFileReference; lastKnownFileType = file.storyboard; name = Base; path = Base.lproj/Main.storyboard; sourceTree = "<group>"; };
		27634A591D85EE0700F60C47 /* Assets.xcassets */ = {isa = PBXFileReference; lastKnownFileType = folder.assetcatalog; path = Assets.xcassets; sourceTree = "<group>"; };
		27634A5C1D85EE0700F60C47 /* Base */ = {isa = PBXFileReference; lastKnownFileType = file.storyboard; name = Base; path = Base.lproj/LaunchScreen.storyboard; sourceTree = "<group>"; };
		27634A5E1D85EE0700F60C47 /* Info.plist */ = {isa = PBXFileReference; lastKnownFileType = text.plist.xml; path = Info.plist; sourceTree = "<group>"; };
		27634A641D85FD5800F60C47 /* RegisterPageViewController.swift */ = {isa = PBXFileReference; fileEncoding = 4; lastKnownFileType = sourcecode.swift; path = RegisterPageViewController.swift; sourceTree = "<group>"; };
		27634A661D8614F700F60C47 /* LoginViewController.swift */ = {isa = PBXFileReference; fileEncoding = 4; lastKnownFileType = sourcecode.swift; path = LoginViewController.swift; sourceTree = "<group>"; };
		27634A681D86213A00F60C47 /* reindeer1.png */ = {isa = PBXFileReference; lastKnownFileType = image.png; path = reindeer1.png; sourceTree = "<group>"; };
/* End PBXFileReference section */

/* Begin PBXFrameworksBuildPhase section */
		27634A4C1D85EE0600F60C47 /* Frameworks */ = {
			isa = PBXFrameworksBuildPhase;
			buildActionMask = 2147483647;
			files = (
			);
			runOnlyForDeploymentPostprocessing = 0;
		};
/* End PBXFrameworksBuildPhase section */

/* Begin PBXGroup section */
		27634A461D85EE0600F60C47 = {
			isa = PBXGroup;
			children = (
				27634A511D85EE0600F60C47 /* ColleenLogin */,
				27634A501D85EE0600F60C47 /* Products */,
			);
			sourceTree = "<group>";
		};
		27634A501D85EE0600F60C47 /* Products */ = {
			isa = PBXGroup;
			children = (
				27634A4F1D85EE0600F60C47 /* ColleenLogin.app */,
			);
			name = Products;
			sourceTree = "<group>";
		};
		27634A511D85EE0600F60C47 /* ColleenLogin */ = {
			isa = PBXGroup;
			children = (
				27634A521D85EE0700F60C47 /* AppDelegate.swift */,
				27634A541D85EE0700F60C47 /* ViewController.swift */,
				27634A561D85EE0700F60C47 /* Main.storyboard */,
				27634A591D85EE0700F60C47 /* Assets.xcassets */,
				27634A681D86213A00F60C47 /* reindeer1.png */,
				27634A5B1D85EE0700F60C47 /* LaunchScreen.storyboard */,
				27634A5E1D85EE0700F60C47 /* Info.plist */,
				27634A641D85FD5800F60C47 /* RegisterPageViewController.swift */,
				27634A661D8614F700F60C47 /* LoginViewController.swift */,
			);
			path = ColleenLogin;
			sourceTree = "<group>";
		};
/* End PBXGroup section */

/* Begin PBXNativeTarget section */
		27634A4E1D85EE0600F60C47 /* ColleenLogin */ = {
			isa = PBXNativeTarget;
			buildConfigurationList = 27634A611D85EE0700F60C47 /* Build configuration list for PBXNativeTarget "ColleenLogin" */;
			buildPhases = (
				27634A4B1D85EE0600F60C47 /* Sources */,
				27634A4C1D85EE0600F60C47 /* Frameworks */,
				27634A4D1D85EE0600F60C47 /* Resources */,
			);
			buildRules = (
			);
			dependencies = (
			);
			name = ColleenLogin;
			productName = ColleenLogin;
			productReference = 27634A4F1D85EE0600F60C47 /* ColleenLogin.app */;
			productType = "com.apple.product-type.application";
		};
/* End PBXNativeTarget section */

/* Begin PBXProject section */
		27634A471D85EE0600F60C47 /* Project object */ = {
			isa = PBXProject;
			attributes = {
				LastSwiftUpdateCheck = 0730;
				LastUpgradeCheck = 0730;
				ORGANIZATIONNAME = "Colleen Prescod";
				TargetAttributes = {
					27634A4E1D85EE0600F60C47 = {
						CreatedOnToolsVersion = 7.3.1;
					};
				};
			};
			buildConfigurationList = 27634A4A1D85EE0600F60C47 /* Build configuration list for PBXProject "ColleenLogin" */;
			compatibilityVersion = "Xcode 3.2";
			developmentRegion = English;
			hasScannedForEncodings = 0;
			knownRegions = (
				en,
				Base,
			);
			mainGroup = 27634A461D85EE0600F60C47;
			productRefGroup = 27634A501D85EE0600F60C47 /* Products */;
			projectDirPath = "";
			projectRoot = "";
			targets = (
				27634A4E1D85EE0600F60C47 /* ColleenLogin */,
			);
		};
/* End PBXProject section */

/* Begin PBXResourcesBuildPhase section */
		27634A4D1D85EE0600F60C47 /* Resources */ = {
			isa = PBXResourcesBuildPhase;
			buildActionMask = 2147483647;
			files = (
				27634A5D1D85EE0700F60C47 /* LaunchScreen.storyboard in Resources */,
				27634A5A1D85EE0700F60C47 /* Assets.xcassets in Resources */,
				27634A581D85EE0700F60C47 /* Main.storyboard in Resources */,
				27634A691D86213A00F60C47 /* reindeer1.png in Resources */,
			);
			runOnlyForDeploymentPostprocessing = 0;
		};
/* End PBXResourcesBuildPhase section */

/* Begin PBXSourcesBuildPhase section */
		27634A4B1D85EE0600F60C47 /* Sources */ = {
			isa = PBXSourcesBuildPhase;
			buildActionMask = 2147483647;
			files = (
				27634A671D8614F700F60C47 /* LoginViewController.swift in Sources */,
				27634A551D85EE0700F60C47 /* ViewController.swift in Sources */,
				27634A531D85EE0700F60C47 /* AppDelegate.swift in Sources */,
				27634A651D85FD5800F60C47 /* RegisterPageViewController.swift in Sources */,
			);
			runOnlyForDeploymentPostprocessing = 0;
		};
/* End PBXSourcesBuildPhase section */

/* Begin PBXVariantGroup section */
		27634A561D85EE0700F60C47 /* Main.storyboard */ = {
			isa = PBXVariantGroup;
			children = (
				27634A571D85EE0700F60C47 /* Base */,
			);
			name = Main.storyboard;
			sourceTree = "<group>";
		};
		27634A5B1D85EE0700F60C47 /* LaunchScreen.storyboard */ = {
			isa = PBXVariantGroup;
			children = (
				27634A5C1D85EE0700F60C47 /* Base */,
			);
			name = LaunchScreen.storyboard;
			sourceTree = "<group>";
		};
/* End PBXVariantGroup section */

/* Begin XCBuildConfiguration section */
		27634A5F1D85EE0700F60C47 /* Debug */ = {
			isa = XCBuildConfiguration;
			buildSettings = {
				ALWAYS_SEARCH_USER_PATHS = NO;
				CLANG_ANALYZER_NONNULL = YES;
				CLANG_CXX_LANGUAGE_STANDARD = "gnu++0x";
				CLANG_CXX_LIBRARY = "libc++";
				CLANG_ENABLE_MODULES = YES;
				CLANG_ENABLE_OBJC_ARC = YES;
				CLANG_WARN_BOOL_CONVERSION = YES;
				CLANG_WARN_CONSTANT_CONVERSION = YES;
				CLANG_WARN_DIRECT_OBJC_ISA_USAGE = YES_ERROR;
				CLANG_WARN_EMPTY_BODY = YES;
				CLANG_WARN_ENUM_CONVERSION = YES;
				CLANG_WARN_INT_CONVERSION = YES;
				CLANG_WARN_OBJC_ROOT_CLASS = YES_ERROR;
				CLANG_WARN_UNREACHABLE_CODE = YES;
				CLANG_WARN__DUPLICATE_METHOD_MATCH = YES;
				"CODE_SIGN_IDENTITY[sdk=iphoneos*]" = "iPhone Developer";
				COPY_PHASE_STRIP = NO;
				DEBUG_INFORMATION_FORMAT = dwarf;
				ENABLE_STRICT_OBJC_MSGSEND = YES;
				ENABLE_TESTABILITY = YES;
				GCC_C_LANGUAGE_STANDARD = gnu99;
				GCC_DYNAMIC_NO_PIC = NO;
				GCC_NO_COMMON_BLOCKS = YES;
				GCC_OPTIMIZATION_LEVEL = 0;
				GCC_PREPROCESSOR_DEFINITIONS = (
					"DEBUG=1",
					"$(inherited)",
				);
				GCC_WARN_64_TO_32_BIT_CONVERSION = YES;
				GCC_WARN_ABOUT_RETURN_TYPE = YES_ERROR;
				GCC_WARN_UNDECLARED_SELECTOR = YES;
				GCC_WARN_UNINITIALIZED_AUTOS = YES_AGGRESSIVE;
				GCC_WARN_UNUSED_FUNCTION = YES;
				GCC_WARN_UNUSED_VARIABLE = YES;
				IPHONEOS_DEPLOYMENT_TARGET = 9.3;
				MTL_ENABLE_DEBUG_INFO = YES;
				ONLY_ACTIVE_ARCH = YES;
				SDKROOT = iphoneos;
				SWIFT_OPTIMIZATION_LEVEL = "-Onone";
				TARGETED_DEVICE_FAMILY = "1,2";
			};
			name = Debug;
		};
		27634A601D85EE0700F60C47 /* Release */ = {
			isa = XCBuildConfiguration;
			buildSettings = {
				ALWAYS_SEARCH_USER_PATHS = NO;
				CLANG_ANALYZER_NONNULL = YES;
				CLANG_CXX_LANGUAGE_STANDARD = "gnu++0x";
				CLANG_CXX_LIBRARY = "libc++";
				CLANG_ENABLE_MODULES = YES;
				CLANG_ENABLE_OBJC_ARC = YES;
				CLANG_WARN_BOOL_CONVERSION = YES;
				CLANG_WARN_CONSTANT_CONVERSION = YES;
				CLANG_WARN_DIRECT_OBJC_ISA_USAGE = YES_ERROR;
				CLANG_WARN_EMPTY_BODY = YES;
				CLANG_WARN_ENUM_CONVERSION = YES;
				CLANG_WARN_INT_CONVERSION = YES;
				CLANG_WARN_OBJC_ROOT_CLASS = YES_ERROR;
				CLANG_WARN_UNREACHABLE_CODE = YES;
				CLANG_WARN__DUPLICATE_METHOD_MATCH = YES;
				"CODE_SIGN_IDENTITY[sdk=iphoneos*]" = "iPhone Developer";
				COPY_PHASE_STRIP = NO;
				DEBUG_INFORMATION_FORMAT = "dwarf-with-dsym";
				ENABLE_NS_ASSERTIONS = NO;
				ENABLE_STRICT_OBJC_MSGSEND = YES;
				GCC_C_LANGUAGE_STANDARD = gnu99;
				GCC_NO_COMMON_BLOCKS = YES;
				GCC_WARN_64_TO_32_BIT_CONVERSION = YES;
				GCC_WARN_ABOUT_RETURN_TYPE = YES_ERROR;
				GCC_WARN_UNDECLARED_SELECTOR = YES;
				GCC_WARN_UNINITIALIZED_AUTOS = YES_AGGRESSIVE;
				GCC_WARN_UNUSED_FUNCTION = YES;
				GCC_WARN_UNUSED_VARIABLE = YES;
				IPHONEOS_DEPLOYMENT_TARGET = 9.3;
				MTL_ENABLE_DEBUG_INFO = NO;
				SDKROOT = iphoneos;
				TARGETED_DEVICE_FAMILY = "1,2";
				VALIDATE_PRODUCT = YES;
			};
			name = Release;
		};
		27634A621D85EE0700F60C47 /* Debug */ = {
			isa = XCBuildConfiguration;
			buildSettings = {
				ASSETCATALOG_COMPILER_APPICON_NAME = AppIcon;
				INFOPLIST_FILE = ColleenLogin/Info.plist;
				LD_RUNPATH_SEARCH_PATHS = "$(inherited) @executable_path/Frameworks";
				PRODUCT_BUNDLE_IDENTIFIER = cp.ColleenLogin;
				PRODUCT_NAME = "$(TARGET_NAME)";
			};
			name = Debug;
		};
		27634A631D85EE0700F60C47 /* Release */ = {
			isa = XCBuildConfiguration;
			buildSettings = {
				ASSETCATALOG_COMPILER_APPICON_NAME = AppIcon;
				INFOPLIST_FILE = ColleenLogin/Info.plist;
				LD_RUNPATH_SEARCH_PATHS = "$(inherited) @executable_path/Frameworks";
				PRODUCT_BUNDLE_IDENTIFIER = cp.ColleenLogin;
				PRODUCT_NAME = "$(TARGET_NAME)";
			};
			name = Release;
		};
/* End XCBuildConfiguration section */

/* Begin XCConfigurationList section */
		27634A4A1D85EE0600F60C47 /* Build configuration list for PBXProject "ColleenLogin" */ = {
			isa = XCConfigurationList;
			buildConfigurations = (
				27634A5F1D85EE0700F60C47 /* Debug */,
				27634A601D85EE0700F60C47 /* Release */,
			);
			defaultConfigurationIsVisible = 0;
			defaultConfigurationName = Release;
		};
		27634A611D85EE0700F60C47 /* Build configuration list for PBXNativeTarget "ColleenLogin" */ = {
			isa = XCConfigurationList;
			buildConfigurations = (
				27634A621D85EE0700F60C47 /* Debug */,
				27634A631D85EE0700F60C47 /* Release */,
			);
			defaultConfigurationIsVisible = 0;
		};
/* End XCConfigurationList section */
	};
	rootObject = 27634A471D85EE0600F60C47 /* Project object */;
}
